
Microsoft Visual Studio Solution File, Format Version 12.00
# Visual Studio Version 17
VisualStudioVersion = 17.0.32002.185
MinimumVisualStudioVersion = 10.0.40219.1
Project("{9A19103F-16F7-4668-BE54-9A1E7A4F7556}") = "EventGrid.Publisher.ConsoleApp", "EventGrid.Publisher.ConsoleApp\EventGrid.Publisher.ConsoleApp.csproj", "{F80F7098-02E9-4C9E-B7CB-A2E3C285BDFA}"
EndProject
Project("{FAE04EC0-301F-11D3-BF4B-00C04F79EFBC}") = "Reduct.Azure.EventGrid", "Reduct.Azure.EventGrid\Reduct.Azure.EventGrid.csproj", "{05661C28-C52C-442E-B47F-E0CDCBFC0C6A}"
EndProject
Global
	GlobalSection(SolutionConfigurationPlatforms) = preSolution
		Debug|Any CPU = Debug|Any CPU
		Release|Any CPU = Release|Any CPU
	EndGlobalSection
	GlobalSection(ProjectConfigurationPlatforms) = postSolution
		{F80F7098-02E9-4C9E-B7CB-A2E3C285BDFA}.Debug|Any CPU.ActiveCfg = Debug|Any CPU
		{F80F7098-02E9-4C9E-B7CB-A2E3C285BDFA}.Debug|Any CPU.Build.0 = Debug|Any CPU
		{F80F7098-02E9-4C9E-B7CB-A2E3C285BDFA}.Release|Any CPU.ActiveCfg = Release|Any CPU
		{F80F7098-02E9-4C9E-B7CB-A2E3C285BDFA}.Release|Any CPU.Build.0 = Release|Any CPU
		{05661C28-C52C-442E-B47F-E0CDCBFC0C6A}.Debug|Any CPU.ActiveCfg = Debug|Any CPU
		{05661C28-C52C-442E-B47F-E0CDCBFC0C6A}.Debug|Any CPU.Build.0 = Debug|Any CPU
		{05661C28-C52C-442E-B47F-E0CDCBFC0C6A}.Release|Any CPU.ActiveCfg = Release|Any CPU
		{05661C28-C52C-442E-B47F-E0CDCBFC0C6A}.Release|Any CPU.Build.0 = Release|Any CPU
	EndGlobalSection
	GlobalSection(SolutionProperties) = preSolution
		HideSolutionNode = FALSE
	EndGlobalSection
	GlobalSection(ExtensibilityGlobals) = postSolution
		SolutionGuid = {5E592778-B34C-4684-A5BE-78875E246C18}
	EndGlobalSection
EndGlobal
